
Microsoft Visual Studio Solution File, Format Version 12.00
# Visual Studio Version 17
VisualStudioVersion = 17.14.36616.10 d17.14
MinimumVisualStudioVersion = 10.0.40219.1
Project("{FAE04EC0-301F-11D3-BF4B-00C04F79EFBC}") = "DotorsWiki", "DotorsWiki\DotorsWiki.csproj", "{6CF2BB0F-2308-41F1-8622-B3B09EC03DB5}"
EndProject
Project("{FAE04EC0-301F-11D3-BF4B-00C04F79EFBC}") = "DoctorsWiki.Core", "DoctorsWiki.Core\DoctorsWiki.Core.csproj", "{77DC8CE3-AD63-4F31-B7E6-EF3E4E60C6F2}"
EndProject
Project("{FAE04EC0-301F-11D3-BF4B-00C04F79EFBC}") = "DoctorsWiki.Application", "DoctorsWiki.Application\DoctorsWiki.Application.csproj", "{D7D975F0-BA91-4243-ABED-168CD731FDE8}"
EndProject
Project("{FAE04EC0-301F-11D3-BF4B-00C04F79EFBC}") = "DoctorsWiki.Data", "DoctorsWiki.Data\DoctorsWiki.Data.csproj", "{E9D0850A-63EA-4060-B394-46011C2A79BA}"
EndProject
Project("{FAE04EC0-301F-11D3-BF4B-00C04F79EFBC}") = "DoctorsWiki.Cache", "DoctorsWiki.Cache\DoctorsWiki.Cache.csproj", "{DCA1512E-58E8-4194-A7A5-D49DBAB837DB}"
EndProject
Global
	GlobalSection(SolutionConfigurationPlatforms) = preSolution
		Debug|Any CPU = Debug|Any CPU
		Release|Any CPU = Release|Any CPU
	EndGlobalSection
	GlobalSection(ProjectConfigurationPlatforms) = postSolution
		{6CF2BB0F-2308-41F1-8622-B3B09EC03DB5}.Debug|Any CPU.ActiveCfg = Debug|Any CPU
		{6CF2BB0F-2308-41F1-8622-B3B09EC03DB5}.Debug|Any CPU.Build.0 = Debug|Any CPU
		{6CF2BB0F-2308-41F1-8622-B3B09EC03DB5}.Release|Any CPU.ActiveCfg = Release|Any CPU
		{6CF2BB0F-2308-41F1-8622-B3B09EC03DB5}.Release|Any CPU.Build.0 = Release|Any CPU
		{77DC8CE3-AD63-4F31-B7E6-EF3E4E60C6F2}.Debug|Any CPU.ActiveCfg = Debug|Any CPU
		{77DC8CE3-AD63-4F31-B7E6-EF3E4E60C6F2}.Debug|Any CPU.Build.0 = Debug|Any CPU
		{77DC8CE3-AD63-4F31-B7E6-EF3E4E60C6F2}.Release|Any CPU.ActiveCfg = Release|Any CPU
		{77DC8CE3-AD63-4F31-B7E6-EF3E4E60C6F2}.Release|Any CPU.Build.0 = Release|Any CPU
		{D7D975F0-BA91-4243-ABED-168CD731FDE8}.Debug|Any CPU.ActiveCfg = Debug|Any CPU
		{D7D975F0-BA91-4243-ABED-168CD731FDE8}.Debug|Any CPU.Build.0 = Debug|Any CPU
		{D7D975F0-BA91-4243-ABED-168CD731FDE8}.Release|Any CPU.ActiveCfg = Release|Any CPU
		{D7D975F0-BA91-4243-ABED-168CD731FDE8}.Release|Any CPU.Build.0 = Release|Any CPU
		{E9D0850A-63EA-4060-B394-46011C2A79BA}.Debug|Any CPU.ActiveCfg = Debug|Any CPU
		{E9D0850A-63EA-4060-B394-46011C2A79BA}.Debug|Any CPU.Build.0 = Debug|Any CPU
		{E9D0850A-63EA-4060-B394-46011C2A79BA}.Release|Any CPU.ActiveCfg = Release|Any CPU
		{E9D0850A-63EA-4060-B394-46011C2A79BA}.Release|Any CPU.Build.0 = Release|Any CPU
		{DCA1512E-58E8-4194-A7A5-D49DBAB837DB}.Debug|Any CPU.ActiveCfg = Debug|Any CPU
		{DCA1512E-58E8-4194-A7A5-D49DBAB837DB}.Debug|Any CPU.Build.0 = Debug|Any CPU
		{DCA1512E-58E8-4194-A7A5-D49DBAB837DB}.Release|Any CPU.ActiveCfg = Release|Any CPU
		{DCA1512E-58E8-4194-A7A5-D49DBAB837DB}.Release|Any CPU.Build.0 = Release|Any CPU
	EndGlobalSection
	GlobalSection(SolutionProperties) = preSolution
		HideSolutionNode = FALSE
	EndGlobalSection
	GlobalSection(ExtensibilityGlobals) = postSolution
		SolutionGuid = {BC42311B-EE20-4E28-86E6-83676E66D840}
	EndGlobalSection
EndGlobal
